<?xml version="1.0" encoding="utf-8"?>
<Project ToolsVersion="4.0" xmlns="http://schemas.microsoft.com/developer/msbuild/2003">
  <ItemGroup>
    <Filter Include="Resource Files">
      <UniqueIdentifier>{67DA6AB6-F800-4c08-8B7A-83BB121AAD01}</UniqueIdentifier>
      <Extensions>rc;ico;cur;bmp;dlg;rc2;rct;bin;rgs;gif;jpg;jpeg;jpe;resx;tiff;tif;png;wav;mfcribbon-ms</Extensions>
    </Filter>
  </ItemGroup>
  <ItemGroup>
    <ClInclude Include="domain.h" />
    <ClInclude Include="geo.h" />
    <ClInclude Include="json.h" />
    <ClInclude Include="json_reader.h" />
    <ClInclude Include="transport_catalogue.h" />
    <ClInclude Include="map_renderer.h" />
    <ClInclude Include="svg.h" />
  </ItemGroup>
  <ItemGroup>
    <ClCompile Include="domain.cpp" />
    <ClCompile Include="geo.cpp" />
    <ClCompile Include="json.cpp" />
    <ClCompile Include="json_reader.cpp" />
    <ClCompile Include="main.cpp" />
    <ClCompile Include="transport_catalogue.cpp" />
    <ClCompile Include="map_renderer.cpp" />
    <ClCompile Include="svg.cpp" />
  </ItemGroup>
  <ItemGroup>
    <Text Include="render_input.txt">
      <Filter>Resource Files</Filter>
    </Text>
    <Text Include="RenderOutput.txt">
      <Filter>Resource Files</Filter>
    </Text>
  </ItemGroup>
</Project>